// !$*UTF8*$!
{
	archiveVersion = 1;
	classes = {
	};
	objectVersion = 46;
	objects = {

/* Begin PBXBuildFile section */
		38509A06187BC4040005F551 /* Foundation.framework in Frameworks */ = {isa = PBXBuildFile; fileRef = 38509A05187BC4040005F551 /* Foundation.framework */; };
		38509A08187BC4040005F551 /* CoreGraphics.framework in Frameworks */ = {isa = PBXBuildFile; fileRef = 38509A07187BC4040005F551 /* CoreGraphics.framework */; };
		38509A0A187BC4040005F551 /* UIKit.framework in Frameworks */ = {isa = PBXBuildFile; fileRef = 38509A09187BC4040005F551 /* UIKit.framework */; };
		38509A10187BC4040005F551 /* InfoPlist.strings in Resources */ = {isa = PBXBuildFile; fileRef = 38509A0E187BC4040005F551 /* InfoPlist.strings */; };
		38509A12187BC4040005F551 /* main.m in Sources */ = {isa = PBXBuildFile; fileRef = 38509A11187BC4040005F551 /* main.m */; };
		38509A16187BC4040005F551 /* AppDelegate.m in Sources */ = {isa = PBXBuildFile; fileRef = 38509A15187BC4040005F551 /* AppDelegate.m */; };
		38509A19187BC4040005F551 /* Main.storyboard in Resources */ = {isa = PBXBuildFile; fileRef = 38509A17187BC4040005F551 /* Main.storyboard */; };
		38509A21187BC4040005F551 /* Images.xcassets in Resources */ = {isa = PBXBuildFile; fileRef = 38509A20187BC4040005F551 /* Images.xcassets */; };
		38509A28187BC4040005F551 /* XCTest.framework in Frameworks */ = {isa = PBXBuildFile; fileRef = 38509A27187BC4040005F551 /* XCTest.framework */; };
		38509A29187BC4040005F551 /* Foundation.framework in Frameworks */ = {isa = PBXBuildFile; fileRef = 38509A05187BC4040005F551 /* Foundation.framework */; };
		38509A2A187BC4040005F551 /* UIKit.framework in Frameworks */ = {isa = PBXBuildFile; fileRef = 38509A09187BC4040005F551 /* UIKit.framework */; };
		38509A32187BC4050005F551 /* InfoPlist.strings in Resources */ = {isa = PBXBuildFile; fileRef = 38509A30187BC4050005F551 /* InfoPlist.strings */; };
		38509A34187BC4050005F551 /* HomeTests.m in Sources */ = {isa = PBXBuildFile; fileRef = 38509A33187BC4050005F551 /* HomeTests.m */; };
		38509A45187BC4930005F551 /* 4ip5.png in Resources */ = {isa = PBXBuildFile; fileRef = 38509A3E187BC4930005F551 /* 4ip5.png */; };
		38509A46187BC4930005F551 /* background.png in Resources */ = {isa = PBXBuildFile; fileRef = 38509A3F187BC4930005F551 /* background.png */; };
		38509A47187BC4930005F551 /* bus.png in Resources */ = {isa = PBXBuildFile; fileRef = 38509A40187BC4930005F551 /* bus.png */; };
		38509A48187BC4930005F551 /* discuss.png in Resources */ = {isa = PBXBuildFile; fileRef = 38509A41187BC4930005F551 /* discuss.png */; };
		38509A4A187BC4930005F551 /* news.png in Resources */ = {isa = PBXBuildFile; fileRef = 38509A43187BC4930005F551 /* news.png */; };
		38509A4B187BC4930005F551 /* takeme.png in Resources */ = {isa = PBXBuildFile; fileRef = 38509A44187BC4930005F551 /* takeme.png */; };
		38509A4D187BEEBA0005F551 /* find@2x.png in Resources */ = {isa = PBXBuildFile; fileRef = 38509A4C187BEEBA0005F551 /* find@2x.png */; };
		38509A4F187BEFD90005F551 /* message@2x.png in Resources */ = {isa = PBXBuildFile; fileRef = 38509A4E187BEFD90005F551 /* message@2x.png */; };
		38509A51187BF0B90005F551 /* profile@2x.png in Resources */ = {isa = PBXBuildFile; fileRef = 38509A50187BF0B90005F551 /* profile@2x.png */; };
		38509A53187D219C0005F551 /* back.png in Resources */ = {isa = PBXBuildFile; fileRef = 38509A52187D219C0005F551 /* back.png */; };
		388BBF6B188D0F990086A15E /* ASIAuthenticationDialog.m in Sources */ = {isa = PBXBuildFile; fileRef = 388BBF58188D0F990086A15E /* ASIAuthenticationDialog.m */; settings = {COMPILER_FLAGS = "-fno-objc-arc"; }; };
		388BBF6C188D0F990086A15E /* ASIDataCompressor.m in Sources */ = {isa = PBXBuildFile; fileRef = 388BBF5B188D0F990086A15E /* ASIDataCompressor.m */; settings = {COMPILER_FLAGS = "-fno-objc-arc"; }; };
		388BBF6D188D0F990086A15E /* ASIDataDecompressor.m in Sources */ = {isa = PBXBuildFile; fileRef = 388BBF5D188D0F990086A15E /* ASIDataDecompressor.m */; settings = {COMPILER_FLAGS = "-fno-objc-arc"; }; };
		388BBF6E188D0F990086A15E /* ASIDownloadCache.m in Sources */ = {isa = PBXBuildFile; fileRef = 388BBF5F188D0F990086A15E /* ASIDownloadCache.m */; settings = {COMPILER_FLAGS = "-fno-objc-arc"; }; };
		388BBF6F188D0F990086A15E /* ASIFormDataRequest.m in Sources */ = {isa = PBXBuildFile; fileRef = 388BBF61188D0F990086A15E /* ASIFormDataRequest.m */; settings = {COMPILER_FLAGS = "-fno-objc-arc"; }; };
		388BBF70188D0F990086A15E /* ASIHTTPRequest.m in Sources */ = {isa = PBXBuildFile; fileRef = 388BBF63188D0F990086A15E /* ASIHTTPRequest.m */; settings = {COMPILER_FLAGS = "-fno-objc-arc"; }; };
		388BBF71188D0F990086A15E /* ASIInputStream.m in Sources */ = {isa = PBXBuildFile; fileRef = 388BBF67188D0F990086A15E /* ASIInputStream.m */; settings = {COMPILER_FLAGS = "-fno-objc-arc"; }; };
		388BBF72188D0F990086A15E /* ASINetworkQueue.m in Sources */ = {isa = PBXBuildFile; fileRef = 388BBF69188D0F990086A15E /* ASINetworkQueue.m */; settings = {COMPILER_FLAGS = "-fno-objc-arc"; }; };
		388BBF75188D0FE60086A15E /* Reachability.m in Sources */ = {isa = PBXBuildFile; fileRef = 388BBF74188D0FE60086A15E /* Reachability.m */; settings = {COMPILER_FLAGS = "-fno-objc-arc"; }; };
		388BBF77188D10460086A15E /* CFNetwork.framework in Frameworks */ = {isa = PBXBuildFile; fileRef = 388BBF76188D10460086A15E /* CFNetwork.framework */; };
		388BBF79188D10550086A15E /* SystemConfiguration.framework in Frameworks */ = {isa = PBXBuildFile; fileRef = 388BBF78188D10550086A15E /* SystemConfiguration.framework */; };
		388BBF7B188D105E0086A15E /* MobileCoreServices.framework in Frameworks */ = {isa = PBXBuildFile; fileRef = 388BBF7A188D105E0086A15E /* MobileCoreServices.framework */; };
		388BBF7D188D107C0086A15E /* libz.dylib in Frameworks */ = {isa = PBXBuildFile; fileRef = 388BBF7C188D107C0086A15E /* libz.dylib */; };
		388BBF80188D12780086A15E /* Constant.m in Sources */ = {isa = PBXBuildFile; fileRef = 388BBF7F188D12780086A15E /* Constant.m */; };
		388BBF84188D16F90086A15E /* QuartzCore.framework in Frameworks */ = {isa = PBXBuildFile; fileRef = 388BBF83188D16F90086A15E /* QuartzCore.framework */; };
		650960CA18876F850076EB83 /* HomeViewController.m in Sources */ = {isa = PBXBuildFile; fileRef = 650960C918876F850076EB83 /* HomeViewController.m */; };
		650960CD188770030076EB83 /* MessageViewController.m in Sources */ = {isa = PBXBuildFile; fileRef = 650960CC188770030076EB83 /* MessageViewController.m */; };
		650960D1188770BA0076EB83 /* BusInformationViewController.m in Sources */ = {isa = PBXBuildFile; fileRef = 650960D0188770BA0076EB83 /* BusInformationViewController.m */; };
		650960DB1887ACFC0076EB83 /* TimeTableViewController.m in Sources */ = {isa = PBXBuildFile; fileRef = 650960D91887ACFC0076EB83 /* TimeTableViewController.m */; };
		650960E01887AD1E0076EB83 /* DestinationViewController.m in Sources */ = {isa = PBXBuildFile; fileRef = 650960DE1887AD1E0076EB83 /* DestinationViewController.m */; };
/* End PBXBuildFile section */

/* Begin PBXContainerItemProxy section */
		38509A2B187BC4050005F551 /* PBXContainerItemProxy */ = {
			isa = PBXContainerItemProxy;
			containerPortal = 385099FA187BC4040005F551 /* Project object */;
			proxyType = 1;
			remoteGlobalIDString = 38509A01187BC4040005F551;
			remoteInfo = Home;
		};
/* End PBXContainerItemProxy section */

/* Begin PBXFileReference section */
		38509A02187BC4040005F551 /* Home.app */ = {isa = PBXFileReference; explicitFileType = wrapper.application; includeInIndex = 0; path = Home.app; sourceTree = BUILT_PRODUCTS_DIR; };
		38509A05187BC4040005F551 /* Foundation.framework */ = {isa = PBXFileReference; lastKnownFileType = wrapper.framework; name = Foundation.framework; path = System/Library/Frameworks/Foundation.framework; sourceTree = SDKROOT; };
		38509A07187BC4040005F551 /* CoreGraphics.framework */ = {isa = PBXFileReference; lastKnownFileType = wrapper.framework; name = CoreGraphics.framework; path = System/Library/Frameworks/CoreGraphics.framework; sourceTree = SDKROOT; };
		38509A09187BC4040005F551 /* UIKit.framework */ = {isa = PBXFileReference; lastKnownFileType = wrapper.framework; name = UIKit.framework; path = System/Library/Frameworks/UIKit.framework; sourceTree = SDKROOT; };
		38509A0D187BC4040005F551 /* Home-Info.plist */ = {isa = PBXFileReference; lastKnownFileType = text.plist.xml; path = "Home-Info.plist"; sourceTree = "<group>"; };
		38509A0F187BC4040005F551 /* en */ = {isa = PBXFileReference; lastKnownFileType = text.plist.strings; name = en; path = en.lproj/InfoPlist.strings; sourceTree = "<group>"; };
		38509A11187BC4040005F551 /* main.m */ = {isa = PBXFileReference; lastKnownFileType = sourcecode.c.objc; path = main.m; sourceTree = "<group>"; };
		38509A13187BC4040005F551 /* Home-Prefix.pch */ = {isa = PBXFileReference; lastKnownFileType = sourcecode.c.h; path = "Home-Prefix.pch"; sourceTree = "<group>"; };
		38509A14187BC4040005F551 /* AppDelegate.h */ = {isa = PBXFileReference; lastKnownFileType = sourcecode.c.h; path = AppDelegate.h; sourceTree = "<group>"; };
		38509A15187BC4040005F551 /* AppDelegate.m */ = {isa = PBXFileReference; lastKnownFileType = sourcecode.c.objc; path = AppDelegate.m; sourceTree = "<group>"; };
		38509A18187BC4040005F551 /* Base */ = {isa = PBXFileReference; lastKnownFileType = file.storyboard; name = Base; path = Base.lproj/Main.storyboard; sourceTree = "<group>"; };
		38509A20187BC4040005F551 /* Images.xcassets */ = {isa = PBXFileReference; lastKnownFileType = folder.assetcatalog; path = Images.xcassets; sourceTree = "<group>"; };
		38509A26187BC4040005F551 /* HomeTests.xctest */ = {isa = PBXFileReference; explicitFileType = wrapper.cfbundle; includeInIndex = 0; path = HomeTests.xctest; sourceTree = BUILT_PRODUCTS_DIR; };
		38509A27187BC4040005F551 /* XCTest.framework */ = {isa = PBXFileReference; lastKnownFileType = wrapper.framework; name = XCTest.framework; path = Library/Frameworks/XCTest.framework; sourceTree = DEVELOPER_DIR; };
		38509A2F187BC4050005F551 /* HomeTests-Info.plist */ = {isa = PBXFileReference; lastKnownFileType = text.plist.xml; path = "HomeTests-Info.plist"; sourceTree = "<group>"; };
		38509A31187BC4050005F551 /* en */ = {isa = PBXFileReference; lastKnownFileType = text.plist.strings; name = en; path = en.lproj/InfoPlist.strings; sourceTree = "<group>"; };
		38509A33187BC4050005F551 /* HomeTests.m */ = {isa = PBXFileReference; lastKnownFileType = sourcecode.c.objc; path = HomeTests.m; sourceTree = "<group>"; };
		38509A3E187BC4930005F551 /* 4ip5.png */ = {isa = PBXFileReference; lastKnownFileType = image.png; path = 4ip5.png; sourceTree = "<group>"; };
		38509A3F187BC4930005F551 /* background.png */ = {isa = PBXFileReference; lastKnownFileType = image.png; path = background.png; sourceTree = "<group>"; };
		38509A40187BC4930005F551 /* bus.png */ = {isa = PBXFileReference; lastKnownFileType = image.png; path = bus.png; sourceTree = "<group>"; };
		38509A41187BC4930005F551 /* discuss.png */ = {isa = PBXFileReference; lastKnownFileType = image.png; path = discuss.png; sourceTree = "<group>"; };
		38509A43187BC4930005F551 /* news.png */ = {isa = PBXFileReference; lastKnownFileType = image.png; path = news.png; sourceTree = "<group>"; };
		38509A44187BC4930005F551 /* takeme.png */ = {isa = PBXFileReference; lastKnownFileType = image.png; path = takeme.png; sourceTree = "<group>"; };
		38509A4C187BEEBA0005F551 /* find@2x.png */ = {isa = PBXFileReference; lastKnownFileType = image.png; path = "find@2x.png"; sourceTree = "<group>"; };
		38509A4E187BEFD90005F551 /* message@2x.png */ = {isa = PBXFileReference; lastKnownFileType = image.png; path = "message@2x.png"; sourceTree = "<group>"; };
		38509A50187BF0B90005F551 /* profile@2x.png */ = {isa = PBXFileReference; lastKnownFileType = image.png; path = "profile@2x.png"; sourceTree = "<group>"; };
		38509A52187D219C0005F551 /* back.png */ = {isa = PBXFileReference; lastKnownFileType = image.png; path = back.png; sourceTree = "<group>"; };
		388BBF57188D0F990086A15E /* ASIAuthenticationDialog.h */ = {isa = PBXFileReference; fileEncoding = 4; lastKnownFileType = sourcecode.c.h; name = ASIAuthenticationDialog.h; path = ASIHTTPRequest/ASIAuthenticationDialog.h; sourceTree = "<group>"; };
		388BBF58188D0F990086A15E /* ASIAuthenticationDialog.m */ = {isa = PBXFileReference; fileEncoding = 4; lastKnownFileType = sourcecode.c.objc; name = ASIAuthenticationDialog.m; path = ASIHTTPRequest/ASIAuthenticationDialog.m; sourceTree = "<group>"; };
		388BBF59188D0F990086A15E /* ASICacheDelegate.h */ = {isa = PBXFileReference; fileEncoding = 4; lastKnownFileType = sourcecode.c.h; name = ASICacheDelegate.h; path = ASIHTTPRequest/ASICacheDelegate.h; sourceTree = "<group>"; };
		388BBF5A188D0F990086A15E /* ASIDataCompressor.h */ = {isa = PBXFileReference; fileEncoding = 4; lastKnownFileType = sourcecode.c.h; name = ASIDataCompressor.h; path = ASIHTTPRequest/ASIDataCompressor.h; sourceTree = "<group>"; };
		388BBF5B188D0F990086A15E /* ASIDataCompressor.m */ = {isa = PBXFileReference; fileEncoding = 4; lastKnownFileType = sourcecode.c.objc; name = ASIDataCompressor.m; path = ASIHTTPRequest/ASIDataCompressor.m; sourceTree = "<group>"; };
		388BBF5C188D0F990086A15E /* ASIDataDecompressor.h */ = {isa = PBXFileReference; fileEncoding = 4; lastKnownFileType = sourcecode.c.h; name = ASIDataDecompressor.h; path = ASIHTTPRequest/ASIDataDecompressor.h; sourceTree = "<group>"; };
		388BBF5D188D0F990086A15E /* ASIDataDecompressor.m */ = {isa = PBXFileReference; fileEncoding = 4; lastKnownFileType = sourcecode.c.objc; name = ASIDataDecompressor.m; path = ASIHTTPRequest/ASIDataDecompressor.m; sourceTree = "<group>"; };
		388BBF5E188D0F990086A15E /* ASIDownloadCache.h */ = {isa = PBXFileReference; fileEncoding = 4; lastKnownFileType = sourcecode.c.h; name = ASIDownloadCache.h; path = ASIHTTPRequest/ASIDownloadCache.h; sourceTree = "<group>"; };
		388BBF5F188D0F990086A15E /* ASIDownloadCache.m */ = {isa = PBXFileReference; fileEncoding = 4; lastKnownFileType = sourcecode.c.objc; name = ASIDownloadCache.m; path = ASIHTTPRequest/ASIDownloadCache.m; sourceTree = "<group>"; };
		388BBF60188D0F990086A15E /* ASIFormDataRequest.h */ = {isa = PBXFileReference; fileEncoding = 4; lastKnownFileType = sourcecode.c.h; name = ASIFormDataRequest.h; path = ASIHTTPRequest/ASIFormDataRequest.h; sourceTree = "<group>"; };
		388BBF61188D0F990086A15E /* ASIFormDataRequest.m */ = {isa = PBXFileReference; fileEncoding = 4; lastKnownFileType = sourcecode.c.objc; name = ASIFormDataRequest.m; path = ASIHTTPRequest/ASIFormDataRequest.m; sourceTree = "<group>"; };
		388BBF62188D0F990086A15E /* ASIHTTPRequest.h */ = {isa = PBXFileReference; fileEncoding = 4; lastKnownFileType = sourcecode.c.h; name = ASIHTTPRequest.h; path = ASIHTTPRequest/ASIHTTPRequest.h; sourceTree = "<group>"; };
		388BBF63188D0F990086A15E /* ASIHTTPRequest.m */ = {isa = PBXFileReference; fileEncoding = 4; lastKnownFileType = sourcecode.c.objc; name = ASIHTTPRequest.m; path = ASIHTTPRequest/ASIHTTPRequest.m; sourceTree = "<group>"; };
		388BBF64188D0F990086A15E /* ASIHTTPRequestConfig.h */ = {isa = PBXFileReference; fileEncoding = 4; lastKnownFileType = sourcecode.c.h; name = ASIHTTPRequestConfig.h; path = ASIHTTPRequest/ASIHTTPRequestConfig.h; sourceTree = "<group>"; };
		388BBF65188D0F990086A15E /* ASIHTTPRequestDelegate.h */ = {isa = PBXFileReference; fileEncoding = 4; lastKnownFileType = sourcecode.c.h; name = ASIHTTPRequestDelegate.h; path = ASIHTTPRequest/ASIHTTPRequestDelegate.h; sourceTree = "<group>"; };
		388BBF66188D0F990086A15E /* ASIInputStream.h */ = {isa = PBXFileReference; fileEncoding = 4; lastKnownFileType = sourcecode.c.h; name = ASIInputStream.h; path = ASIHTTPRequest/ASIInputStream.h; sourceTree = "<group>"; };
		388BBF67188D0F990086A15E /* ASIInputStream.m */ = {isa = PBXFileReference; fileEncoding = 4; lastKnownFileType = sourcecode.c.objc; name = ASIInputStream.m; path = ASIHTTPRequest/ASIInputStream.m; sourceTree = "<group>"; };
		388BBF68188D0F990086A15E /* ASINetworkQueue.h */ = {isa = PBXFileReference; fileEncoding = 4; lastKnownFileType = sourcecode.c.h; name = ASINetworkQueue.h; path = ASIHTTPRequest/ASINetworkQueue.h; sourceTree = "<group>"; };
		388BBF69188D0F990086A15E /* ASINetworkQueue.m */ = {isa = PBXFileReference; fileEncoding = 4; lastKnownFileType = sourcecode.c.objc; name = ASINetworkQueue.m; path = ASIHTTPRequest/ASINetworkQueue.m; sourceTree = "<group>"; };
		388BBF6A188D0F990086A15E /* ASIProgressDelegate.h */ = {isa = PBXFileReference; fileEncoding = 4; lastKnownFileType = sourcecode.c.h; name = ASIProgressDelegate.h; path = ASIHTTPRequest/ASIProgressDelegate.h; sourceTree = "<group>"; };
		388BBF73188D0FE60086A15E /* Reachability.h */ = {isa = PBXFileReference; fileEncoding = 4; lastKnownFileType = sourcecode.c.h; name = Reachability.h; path = ASIHTTPRequest/Reachability.h; sourceTree = "<group>"; };
		388BBF74188D0FE60086A15E /* Reachability.m */ = {isa = PBXFileReference; fileEncoding = 4; lastKnownFileType = sourcecode.c.objc; name = Reachability.m; path = ASIHTTPRequest/Reachability.m; sourceTree = "<group>"; };
		388BBF76188D10460086A15E /* CFNetwork.framework */ = {isa = PBXFileReference; lastKnownFileType = wrapper.framework; name = CFNetwork.framework; path = System/Library/Frameworks/CFNetwork.framework; sourceTree = SDKROOT; };
		388BBF78188D10550086A15E /* SystemConfiguration.framework */ = {isa = PBXFileReference; lastKnownFileType = wrapper.framework; name = SystemConfiguration.framework; path = System/Library/Frameworks/SystemConfiguration.framework; sourceTree = SDKROOT; };
		388BBF7A188D105E0086A15E /* MobileCoreServices.framework */ = {isa = PBXFileReference; lastKnownFileType = wrapper.framework; name = MobileCoreServices.framework; path = System/Library/Frameworks/MobileCoreServices.framework; sourceTree = SDKROOT; };
		388BBF7C188D107C0086A15E /* libz.dylib */ = {isa = PBXFileReference; lastKnownFileType = "compiled.mach-o.dylib"; name = libz.dylib; path = usr/lib/libz.dylib; sourceTree = SDKROOT; };
		388BBF7E188D12780086A15E /* Constant.h */ = {isa = PBXFileReference; fileEncoding = 4; lastKnownFileType = sourcecode.c.h; path = Constant.h; sourceTree = "<group>"; };
		388BBF7F188D12780086A15E /* Constant.m */ = {isa = PBXFileReference; fileEncoding = 4; lastKnownFileType = sourcecode.c.objc; path = Constant.m; sourceTree = "<group>"; };
		388BBF83188D16F90086A15E /* QuartzCore.framework */ = {isa = PBXFileReference; lastKnownFileType = wrapper.framework; name = QuartzCore.framework; path = System/Library/Frameworks/QuartzCore.framework; sourceTree = SDKROOT; };
		650960C818876F850076EB83 /* HomeViewController.h */ = {isa = PBXFileReference; fileEncoding = 4; lastKnownFileType = sourcecode.c.h; path = HomeViewController.h; sourceTree = "<group>"; };
		650960C918876F850076EB83 /* HomeViewController.m */ = {isa = PBXFileReference; fileEncoding = 4; lastKnownFileType = sourcecode.c.objc; path = HomeViewController.m; sourceTree = "<group>"; };
		650960CB188770030076EB83 /* MessageViewController.h */ = {isa = PBXFileReference; fileEncoding = 4; lastKnownFileType = sourcecode.c.h; path = MessageViewController.h; sourceTree = "<group>"; };
		650960CC188770030076EB83 /* MessageViewController.m */ = {isa = PBXFileReference; fileEncoding = 4; lastKnownFileType = sourcecode.c.objc; path = MessageViewController.m; sourceTree = "<group>"; };
		650960CF188770BA0076EB83 /* BusInformationViewController.h */ = {isa = PBXFileReference; fileEncoding = 4; lastKnownFileType = sourcecode.c.h; path = BusInformationViewController.h; sourceTree = "<group>"; };
		650960D0188770BA0076EB83 /* BusInformationViewController.m */ = {isa = PBXFileReference; fileEncoding = 4; lastKnownFileType = sourcecode.c.objc; path = BusInformationViewController.m; sourceTree = "<group>"; };
		650960D81887ACFC0076EB83 /* TimeTableViewController.h */ = {isa = PBXFileReference; fileEncoding = 4; lastKnownFileType = sourcecode.c.h; path = TimeTableViewController.h; sourceTree = "<group>"; };
		650960D91887ACFC0076EB83 /* TimeTableViewController.m */ = {isa = PBXFileReference; fileEncoding = 4; lastKnownFileType = sourcecode.c.objc; path = TimeTableViewController.m; sourceTree = "<group>"; };
		650960DD1887AD1E0076EB83 /* DestinationViewController.h */ = {isa = PBXFileReference; fileEncoding = 4; lastKnownFileType = sourcecode.c.h; path = DestinationViewController.h; sourceTree = "<group>"; };
		650960DE1887AD1E0076EB83 /* DestinationViewController.m */ = {isa = PBXFileReference; fileEncoding = 4; lastKnownFileType = sourcecode.c.objc; path = DestinationViewController.m; sourceTree = "<group>"; };
/* End PBXFileReference section */

/* Begin PBXFrameworksBuildPhase section */
		385099FF187BC4040005F551 /* Frameworks */ = {
			isa = PBXFrameworksBuildPhase;
			buildActionMask = 2147483647;
			files = (
				388BBF7D188D107C0086A15E /* libz.dylib in Frameworks */,
				38509A08187BC4040005F551 /* CoreGraphics.framework in Frameworks */,
				388BBF7B188D105E0086A15E /* MobileCoreServices.framework in Frameworks */,
				388BBF79188D10550086A15E /* SystemConfiguration.framework in Frameworks */,
				388BBF77188D10460086A15E /* CFNetwork.framework in Frameworks */,
				388BBF84188D16F90086A15E /* QuartzCore.framework in Frameworks */,
				38509A0A187BC4040005F551 /* UIKit.framework in Frameworks */,
				38509A06187BC4040005F551 /* Foundation.framework in Frameworks */,
			);
			runOnlyForDeploymentPostprocessing = 0;
		};
		38509A23187BC4040005F551 /* Frameworks */ = {
			isa = PBXFrameworksBuildPhase;
			buildActionMask = 2147483647;
			files = (
				38509A28187BC4040005F551 /* XCTest.framework in Frameworks */,
				38509A2A187BC4040005F551 /* UIKit.framework in Frameworks */,
				38509A29187BC4040005F551 /* Foundation.framework in Frameworks */,
			);
			runOnlyForDeploymentPostprocessing = 0;
		};
/* End PBXFrameworksBuildPhase section */

/* Begin PBXGroup section */
		385099F9187BC4040005F551 = {
			isa = PBXGroup;
			children = (
				38509A0B187BC4040005F551 /* Home */,
				38509A3D187BC44E0005F551 /* Resources */,
				38509A2D187BC4050005F551 /* HomeTests */,
				38509A04187BC4040005F551 /* Frameworks */,
				38509A03187BC4040005F551 /* Products */,
			);
			sourceTree = "<group>";
		};
		38509A03187BC4040005F551 /* Products */ = {
			isa = PBXGroup;
			children = (
				38509A02187BC4040005F551 /* Home.app */,
				38509A26187BC4040005F551 /* HomeTests.xctest */,
			);
			name = Products;
			sourceTree = "<group>";
		};
		38509A04187BC4040005F551 /* Frameworks */ = {
			isa = PBXGroup;
			children = (
				388BBF83188D16F90086A15E /* QuartzCore.framework */,
				388BBF7C188D107C0086A15E /* libz.dylib */,
				388BBF7A188D105E0086A15E /* MobileCoreServices.framework */,
				388BBF78188D10550086A15E /* SystemConfiguration.framework */,
				388BBF76188D10460086A15E /* CFNetwork.framework */,
				38509A05187BC4040005F551 /* Foundation.framework */,
				38509A07187BC4040005F551 /* CoreGraphics.framework */,
				38509A09187BC4040005F551 /* UIKit.framework */,
				38509A27187BC4040005F551 /* XCTest.framework */,
			);
			name = Frameworks;
			sourceTree = "<group>";
		};
		38509A0B187BC4040005F551 /* Home */ = {
			isa = PBXGroup;
			children = (
				388BBF56188D0F2C0086A15E /* ASIHTTPRequest */,
				650960CE188770710076EB83 /* BusInformation */,
				38509A14187BC4040005F551 /* AppDelegate.h */,
				38509A15187BC4040005F551 /* AppDelegate.m */,
				38509A17187BC4040005F551 /* Main.storyboard */,
				38509A20187BC4040005F551 /* Images.xcassets */,
				38509A0C187BC4040005F551 /* Supporting Files */,
				650960C818876F850076EB83 /* HomeViewController.h */,
				650960C918876F850076EB83 /* HomeViewController.m */,
				650960CB188770030076EB83 /* MessageViewController.h */,
				650960CC188770030076EB83 /* MessageViewController.m */,
				388BBF7E188D12780086A15E /* Constant.h */,
				388BBF7F188D12780086A15E /* Constant.m */,
			);
			path = Home;
			sourceTree = "<group>";
		};
		38509A0C187BC4040005F551 /* Supporting Files */ = {
			isa = PBXGroup;
			children = (
				38509A0D187BC4040005F551 /* Home-Info.plist */,
				38509A0E187BC4040005F551 /* InfoPlist.strings */,
				38509A11187BC4040005F551 /* main.m */,
				38509A13187BC4040005F551 /* Home-Prefix.pch */,
			);
			name = "Supporting Files";
			sourceTree = "<group>";
		};
		38509A2D187BC4050005F551 /* HomeTests */ = {
			isa = PBXGroup;
			children = (
				38509A33187BC4050005F551 /* HomeTests.m */,
				38509A2E187BC4050005F551 /* Supporting Files */,
			);
			path = HomeTests;
			sourceTree = "<group>";
		};
		38509A2E187BC4050005F551 /* Supporting Files */ = {
			isa = PBXGroup;
			children = (
				38509A2F187BC4050005F551 /* HomeTests-Info.plist */,
				38509A30187BC4050005F551 /* InfoPlist.strings */,
			);
			name = "Supporting Files";
			sourceTree = "<group>";
		};
		38509A3D187BC44E0005F551 /* Resources */ = {
			isa = PBXGroup;
			children = (
				38509A52187D219C0005F551 /* back.png */,
				38509A4E187BEFD90005F551 /* message@2x.png */,
				38509A50187BF0B90005F551 /* profile@2x.png */,
				38509A4C187BEEBA0005F551 /* find@2x.png */,
				38509A3E187BC4930005F551 /* 4ip5.png */,
				38509A3F187BC4930005F551 /* background.png */,
				38509A40187BC4930005F551 /* bus.png */,
				38509A41187BC4930005F551 /* discuss.png */,
				38509A43187BC4930005F551 /* news.png */,
				38509A44187BC4930005F551 /* takeme.png */,
			);
			name = Resources;
			sourceTree = "<group>";
		};
		388BBF56188D0F2C0086A15E /* ASIHTTPRequest */ = {
			isa = PBXGroup;
			children = (
				388BBF73188D0FE60086A15E /* Reachability.h */,
				388BBF74188D0FE60086A15E /* Reachability.m */,
				388BBF57188D0F990086A15E /* ASIAuthenticationDialog.h */,
				388BBF58188D0F990086A15E /* ASIAuthenticationDialog.m */,
				388BBF59188D0F990086A15E /* ASICacheDelegate.h */,
				388BBF5A188D0F990086A15E /* ASIDataCompressor.h */,
				388BBF5B188D0F990086A15E /* ASIDataCompressor.m */,
				388BBF5C188D0F990086A15E /* ASIDataDecompressor.h */,
				388BBF5D188D0F990086A15E /* ASIDataDecompressor.m */,
				388BBF5E188D0F990086A15E /* ASIDownloadCache.h */,
				388BBF5F188D0F990086A15E /* ASIDownloadCache.m */,
				388BBF60188D0F990086A15E /* ASIFormDataRequest.h */,
				388BBF61188D0F990086A15E /* ASIFormDataRequest.m */,
				388BBF62188D0F990086A15E /* ASIHTTPRequest.h */,
				388BBF63188D0F990086A15E /* ASIHTTPRequest.m */,
				388BBF64188D0F990086A15E /* ASIHTTPRequestConfig.h */,
				388BBF65188D0F990086A15E /* ASIHTTPRequestDelegate.h */,
				388BBF66188D0F990086A15E /* ASIInputStream.h */,
				388BBF67188D0F990086A15E /* ASIInputStream.m */,
				388BBF68188D0F990086A15E /* ASINetworkQueue.h */,
				388BBF69188D0F990086A15E /* ASINetworkQueue.m */,
				388BBF6A188D0F990086A15E /* ASIProgressDelegate.h */,
			);
			name = ASIHTTPRequest;
			sourceTree = "<group>";
		};
		650960CE188770710076EB83 /* BusInformation */ = {
			isa = PBXGroup;
			children = (
				650960CF188770BA0076EB83 /* BusInformationViewController.h */,
				650960D0188770BA0076EB83 /* BusInformationViewController.m */,
				650960D81887ACFC0076EB83 /* TimeTableViewController.h */,
				650960D91887ACFC0076EB83 /* TimeTableViewController.m */,
				650960DD1887AD1E0076EB83 /* DestinationViewController.h */,
				650960DE1887AD1E0076EB83 /* DestinationViewController.m */,
			);
			name = BusInformation;
			sourceTree = "<group>";
		};
/* End PBXGroup section */

/* Begin PBXNativeTarget section */
		38509A01187BC4040005F551 /* Home */ = {
			isa = PBXNativeTarget;
			buildConfigurationList = 38509A37187BC4050005F551 /* Build configuration list for PBXNativeTarget "Home" */;
			buildPhases = (
				385099FE187BC4040005F551 /* Sources */,
				385099FF187BC4040005F551 /* Frameworks */,
				38509A00187BC4040005F551 /* Resources */,
			);
			buildRules = (
			);
			dependencies = (
			);
			name = Home;
			productName = Home;
			productReference = 38509A02187BC4040005F551 /* Home.app */;
			productType = "com.apple.product-type.application";
		};
		38509A25187BC4040005F551 /* HomeTests */ = {
			isa = PBXNativeTarget;
			buildConfigurationList = 38509A3A187BC4050005F551 /* Build configuration list for PBXNativeTarget "HomeTests" */;
			buildPhases = (
				38509A22187BC4040005F551 /* Sources */,
				38509A23187BC4040005F551 /* Frameworks */,
				38509A24187BC4040005F551 /* Resources */,
			);
			buildRules = (
			);
			dependencies = (
				38509A2C187BC4050005F551 /* PBXTargetDependency */,
			);
			name = HomeTests;
			productName = HomeTests;
			productReference = 38509A26187BC4040005F551 /* HomeTests.xctest */;
			productType = "com.apple.product-type.bundle.unit-test";
		};
/* End PBXNativeTarget section */

/* Begin PBXProject section */
		385099FA187BC4040005F551 /* Project object */ = {
			isa = PBXProject;
			attributes = {
				LastUpgradeCheck = 0500;
				ORGANIZATIONNAME = "Peng Ji";
				TargetAttributes = {
					38509A25187BC4040005F551 = {
						TestTargetID = 38509A01187BC4040005F551;
					};
				};
			};
			buildConfigurationList = 385099FD187BC4040005F551 /* Build configuration list for PBXProject "Home" */;
			compatibilityVersion = "Xcode 3.2";
			developmentRegion = English;
			hasScannedForEncodings = 0;
			knownRegions = (
				en,
				Base,
			);
			mainGroup = 385099F9187BC4040005F551;
			productRefGroup = 38509A03187BC4040005F551 /* Products */;
			projectDirPath = "";
			projectRoot = "";
			targets = (
				38509A01187BC4040005F551 /* Home */,
				38509A25187BC4040005F551 /* HomeTests */,
			);
		};
/* End PBXProject section */

/* Begin PBXResourcesBuildPhase section */
		38509A00187BC4040005F551 /* Resources */ = {
			isa = PBXResourcesBuildPhase;
			buildActionMask = 2147483647;
			files = (
				38509A47187BC4930005F551 /* bus.png in Resources */,
				38509A4A187BC4930005F551 /* news.png in Resources */,
				38509A4F187BEFD90005F551 /* message@2x.png in Resources */,
				38509A21187BC4040005F551 /* Images.xcassets in Resources */,
				38509A4B187BC4930005F551 /* takeme.png in Resources */,
				38509A48187BC4930005F551 /* discuss.png in Resources */,
				38509A53187D219C0005F551 /* back.png in Resources */,
				38509A4D187BEEBA0005F551 /* find@2x.png in Resources */,
				38509A51187BF0B90005F551 /* profile@2x.png in Resources */,
				38509A46187BC4930005F551 /* background.png in Resources */,
				38509A45187BC4930005F551 /* 4ip5.png in Resources */,
				38509A10187BC4040005F551 /* InfoPlist.strings in Resources */,
				38509A19187BC4040005F551 /* Main.storyboard in Resources */,
			);
			runOnlyForDeploymentPostprocessing = 0;
		};
		38509A24187BC4040005F551 /* Resources */ = {
			isa = PBXResourcesBuildPhase;
			buildActionMask = 2147483647;
			files = (
				38509A32187BC4050005F551 /* InfoPlist.strings in Resources */,
			);
			runOnlyForDeploymentPostprocessing = 0;
		};
/* End PBXResourcesBuildPhase section */

/* Begin PBXSourcesBuildPhase section */
		385099FE187BC4040005F551 /* Sources */ = {
			isa = PBXSourcesBuildPhase;
			buildActionMask = 2147483647;
			files = (
				38509A16187BC4040005F551 /* AppDelegate.m in Sources */,
				388BBF6B188D0F990086A15E /* ASIAuthenticationDialog.m in Sources */,
				38509A12187BC4040005F551 /* main.m in Sources */,
				388BBF6C188D0F990086A15E /* ASIDataCompressor.m in Sources */,
				650960DB1887ACFC0076EB83 /* TimeTableViewController.m in Sources */,
				650960D1188770BA0076EB83 /* BusInformationViewController.m in Sources */,
				388BBF71188D0F990086A15E /* ASIInputStream.m in Sources */,
				388BBF70188D0F990086A15E /* ASIHTTPRequest.m in Sources */,
				650960CD188770030076EB83 /* MessageViewController.m in Sources */,
				388BBF80188D12780086A15E /* Constant.m in Sources */,
				388BBF6F188D0F990086A15E /* ASIFormDataRequest.m in Sources */,
				388BBF75188D0FE60086A15E /* Reachability.m in Sources */,
				388BBF6E188D0F990086A15E /* ASIDownloadCache.m in Sources */,
				650960CA18876F850076EB83 /* HomeViewController.m in Sources */,
				650960E01887AD1E0076EB83 /* DestinationViewController.m in Sources */,
				388BBF6D188D0F990086A15E /* ASIDataDecompressor.m in Sources */,
				388BBF72188D0F990086A15E /* ASINetworkQueue.m in Sources */,
			);
			runOnlyForDeploymentPostprocessing = 0;
		};
		38509A22187BC4040005F551 /* Sources */ = {
			isa = PBXSourcesBuildPhase;
			buildActionMask = 2147483647;
			files = (
				38509A34187BC4050005F551 /* HomeTests.m in Sources */,
			);
			runOnlyForDeploymentPostprocessing = 0;
		};
/* End PBXSourcesBuildPhase section */

/* Begin PBXTargetDependency section */
		38509A2C187BC4050005F551 /* PBXTargetDependency */ = {
			isa = PBXTargetDependency;
			target = 38509A01187BC4040005F551 /* Home */;
			targetProxy = 38509A2B187BC4050005F551 /* PBXContainerItemProxy */;
		};
/* End PBXTargetDependency section */

/* Begin PBXVariantGroup section */
		38509A0E187BC4040005F551 /* InfoPlist.strings */ = {
			isa = PBXVariantGroup;
			children = (
				38509A0F187BC4040005F551 /* en */,
			);
			name = InfoPlist.strings;
			sourceTree = "<group>";
		};
		38509A17187BC4040005F551 /* Main.storyboard */ = {
			isa = PBXVariantGroup;
			children = (
				38509A18187BC4040005F551 /* Base */,
			);
			name = Main.storyboard;
			sourceTree = "<group>";
		};
		38509A30187BC4050005F551 /* InfoPlist.strings */ = {
			isa = PBXVariantGroup;
			children = (
				38509A31187BC4050005F551 /* en */,
			);
			name = InfoPlist.strings;
			sourceTree = "<group>";
		};
/* End PBXVariantGroup section */

/* Begin XCBuildConfiguration section */
		38509A35187BC4050005F551 /* Debug */ = {
			isa = XCBuildConfiguration;
			buildSettings = {
				ALWAYS_SEARCH_USER_PATHS = NO;
				ARCHS = "$(ARCHS_STANDARD_INCLUDING_64_BIT)";
				CLANG_CXX_LANGUAGE_STANDARD = "gnu++0x";
				CLANG_CXX_LIBRARY = "libc++";
				CLANG_ENABLE_MODULES = YES;
				CLANG_ENABLE_OBJC_ARC = YES;
				CLANG_WARN_BOOL_CONVERSION = YES;
				CLANG_WARN_CONSTANT_CONVERSION = YES;
				CLANG_WARN_DIRECT_OBJC_ISA_USAGE = YES_ERROR;
				CLANG_WARN_EMPTY_BODY = YES;
				CLANG_WARN_ENUM_CONVERSION = YES;
				CLANG_WARN_INT_CONVERSION = YES;
				CLANG_WARN_OBJC_ROOT_CLASS = YES_ERROR;
				CLANG_WARN__DUPLICATE_METHOD_MATCH = YES;
				"CODE_SIGN_IDENTITY[sdk=iphoneos*]" = "iPhone Developer";
				COPY_PHASE_STRIP = NO;
				GCC_C_LANGUAGE_STANDARD = gnu99;
				GCC_DYNAMIC_NO_PIC = NO;
				GCC_OPTIMIZATION_LEVEL = 0;
				GCC_PREPROCESSOR_DEFINITIONS = (
					"DEBUG=1",
					"$(inherited)",
				);
				GCC_SYMBOLS_PRIVATE_EXTERN = NO;
				GCC_WARN_64_TO_32_BIT_CONVERSION = YES;
				GCC_WARN_ABOUT_RETURN_TYPE = YES_ERROR;
				GCC_WARN_UNDECLARED_SELECTOR = YES;
				GCC_WARN_UNINITIALIZED_AUTOS = YES;
				GCC_WARN_UNUSED_FUNCTION = YES;
				GCC_WARN_UNUSED_VARIABLE = YES;
				IPHONEOS_DEPLOYMENT_TARGET = 7.0;
				ONLY_ACTIVE_ARCH = YES;
				SDKROOT = iphoneos;
			};
			name = Debug;
		};
		38509A36187BC4050005F551 /* Release */ = {
			isa = XCBuildConfiguration;
			buildSettings = {
				ALWAYS_SEARCH_USER_PATHS = NO;
				ARCHS = "$(ARCHS_STANDARD_INCLUDING_64_BIT)";
				CLANG_CXX_LANGUAGE_STANDARD = "gnu++0x";
				CLANG_CXX_LIBRARY = "libc++";
				CLANG_ENABLE_MODULES = YES;
				CLANG_ENABLE_OBJC_ARC = YES;
				CLANG_WARN_BOOL_CONVERSION = YES;
				CLANG_WARN_CONSTANT_CONVERSION = YES;
				CLANG_WARN_DIRECT_OBJC_ISA_USAGE = YES_ERROR;
				CLANG_WARN_EMPTY_BODY = YES;
				CLANG_WARN_ENUM_CONVERSION = YES;
				CLANG_WARN_INT_CONVERSION = YES;
				CLANG_WARN_OBJC_ROOT_CLASS = YES_ERROR;
				CLANG_WARN__DUPLICATE_METHOD_MATCH = YES;
				"CODE_SIGN_IDENTITY[sdk=iphoneos*]" = "iPhone Developer";
				COPY_PHASE_STRIP = YES;
				ENABLE_NS_ASSERTIONS = NO;
				GCC_C_LANGUAGE_STANDARD = gnu99;
				GCC_WARN_64_TO_32_BIT_CONVERSION = YES;
				GCC_WARN_ABOUT_RETURN_TYPE = YES_ERROR;
				GCC_WARN_UNDECLARED_SELECTOR = YES;
				GCC_WARN_UNINITIALIZED_AUTOS = YES;
				GCC_WARN_UNUSED_FUNCTION = YES;
				GCC_WARN_UNUSED_VARIABLE = YES;
				IPHONEOS_DEPLOYMENT_TARGET = 7.0;
				SDKROOT = iphoneos;
				VALIDATE_PRODUCT = YES;
			};
			name = Release;
		};
		38509A38187BC4050005F551 /* Debug */ = {
			isa = XCBuildConfiguration;
			buildSettings = {
				ASSETCATALOG_COMPILER_APPICON_NAME = AppIcon;
				ASSETCATALOG_COMPILER_LAUNCHIMAGE_NAME = LaunchImage;
				GCC_PRECOMPILE_PREFIX_HEADER = YES;
				GCC_PREFIX_HEADER = "Home/Home-Prefix.pch";
				HEADER_SEARCH_PATHS = (
					"$(inherited)",
					/Applications/Xcode.app/Contents/Developer/Toolchains/XcodeDefault.xctoolchain/usr/include,
				);
				INFOPLIST_FILE = "Home/Home-Info.plist";
				PRODUCT_NAME = "$(TARGET_NAME)";
				WRAPPER_EXTENSION = app;
			};
			name = Debug;
		};
		38509A39187BC4050005F551 /* Release */ = {
			isa = XCBuildConfiguration;
			buildSettings = {
				ASSETCATALOG_COMPILER_APPICON_NAME = AppIcon;
				ASSETCATALOG_COMPILER_LAUNCHIMAGE_NAME = LaunchImage;
				GCC_PRECOMPILE_PREFIX_HEADER = YES;
				GCC_PREFIX_HEADER = "Home/Home-Prefix.pch";
				INFOPLIST_FILE = "Home/Home-Info.plist";
				ONLY_ACTIVE_ARCH = NO;
				PRODUCT_NAME = "$(TARGET_NAME)";
				WRAPPER_EXTENSION = app;
			};
			name = Release;
		};
		38509A3B187BC4050005F551 /* Debug */ = {
			isa = XCBuildConfiguration;
			buildSettings = {
				ARCHS = "$(ARCHS_STANDARD_INCLUDING_64_BIT)";
				BUNDLE_LOADER = "$(BUILT_PRODUCTS_DIR)/Home.app/Home";
				FRAMEWORK_SEARCH_PATHS = (
					"$(SDKROOT)/Developer/Library/Frameworks",
					"$(inherited)",
					"$(DEVELOPER_FRAMEWORKS_DIR)",
				);
				GCC_PRECOMPILE_PREFIX_HEADER = YES;
				GCC_PREFIX_HEADER = "Home/Home-Prefix.pch";
				GCC_PREPROCESSOR_DEFINITIONS = (
					"DEBUG=1",
					"$(inherited)",
				);
				INFOPLIST_FILE = "HomeTests/HomeTests-Info.plist";
				PRODUCT_NAME = "$(TARGET_NAME)";
				TEST_HOST = "$(BUNDLE_LOADER)";
				WRAPPER_EXTENSION = xctest;
			};
			name = Debug;
		};
		38509A3C187BC4050005F551 /* Release */ = {
			isa = XCBuildConfiguration;
			buildSettings = {
				ARCHS = "$(ARCHS_STANDARD_INCLUDING_64_BIT)";
				BUNDLE_LOADER = "$(BUILT_PRODUCTS_DIR)/Home.app/Home";
				FRAMEWORK_SEARCH_PATHS = (
					"$(SDKROOT)/Developer/Library/Frameworks",
					"$(inherited)",
					"$(DEVELOPER_FRAMEWORKS_DIR)",
				);
				GCC_PRECOMPILE_PREFIX_HEADER = YES;
				GCC_PREFIX_HEADER = "Home/Home-Prefix.pch";
				INFOPLIST_FILE = "HomeTests/HomeTests-Info.plist";
				PRODUCT_NAME = "$(TARGET_NAME)";
				TEST_HOST = "$(BUNDLE_LOADER)";
				WRAPPER_EXTENSION = xctest;
			};
			name = Release;
		};
/* End XCBuildConfiguration section */

/* Begin XCConfigurationList section */
		385099FD187BC4040005F551 /* Build configuration list for PBXProject "Home" */ = {
			isa = XCConfigurationList;
			buildConfigurations = (
				38509A35187BC4050005F551 /* Debug */,
				38509A36187BC4050005F551 /* Release */,
			);
			defaultConfigurationIsVisible = 0;
			defaultConfigurationName = Release;
		};
		38509A37187BC4050005F551 /* Build configuration list for PBXNativeTarget "Home" */ = {
			isa = XCConfigurationList;
			buildConfigurations = (
				38509A38187BC4050005F551 /* Debug */,
				38509A39187BC4050005F551 /* Release */,
			);
			defaultConfigurationIsVisible = 0;
			defaultConfigurationName = Release;
		};
		38509A3A187BC4050005F551 /* Build configuration list for PBXNativeTarget "HomeTests" */ = {
			isa = XCConfigurationList;
			buildConfigurations = (
				38509A3B187BC4050005F551 /* Debug */,
				38509A3C187BC4050005F551 /* Release */,
			);
			defaultConfigurationIsVisible = 0;
			defaultConfigurationName = Release;
		};
/* End XCConfigurationList section */
	};
	rootObject = 385099FA187BC4040005F551 /* Project object */;
}
